
Microsoft Visual Studio Solution File, Format Version 12.00
# Visual Studio Version 16
VisualStudioVersion = 16.0.31624.102
MinimumVisualStudioVersion = 10.0.40219.1
Project("{FAE04EC0-301F-11D3-BF4B-00C04F79EFBC}") = "FeedbackApp.PL", "FeedbackApp.PL\FeedbackApp.PL.csproj", "{7314AC3B-E457-434B-BA81-8FDFB1B15144}"
EndProject
Project("{9A19103F-16F7-4668-BE54-9A1E7A4F7556}") = "FeedbackApp.Models", "FeedbackApp.Models\FeedbackApp.Models.csproj", "{DA3ED829-69BC-4F88-838D-94255FC91853}"
EndProject
Project("{9A19103F-16F7-4668-BE54-9A1E7A4F7556}") = "FeedbackApp.DAL", "FeedbackApp.DAL\FeedbackApp.DAL.csproj", "{7E59AECF-896A-4248-8A14-1187CFAB7122}"
EndProject
Project("{9A19103F-16F7-4668-BE54-9A1E7A4F7556}") = "FeedbackApp.BLL", "FeedbackApp.BLL\FeedbackApp.BLL.csproj", "{433EB091-5869-4A85-84BA-CCCB020DDCAA}"
EndProject
Global
	GlobalSection(SolutionConfigurationPlatforms) = preSolution
		Debug|Any CPU = Debug|Any CPU
		Release|Any CPU = Release|Any CPU
	EndGlobalSection
	GlobalSection(ProjectConfigurationPlatforms) = postSolution
		{7314AC3B-E457-434B-BA81-8FDFB1B15144}.Debug|Any CPU.ActiveCfg = Debug|Any CPU
		{7314AC3B-E457-434B-BA81-8FDFB1B15144}.Debug|Any CPU.Build.0 = Debug|Any CPU
		{7314AC3B-E457-434B-BA81-8FDFB1B15144}.Release|Any CPU.ActiveCfg = Release|Any CPU
		{7314AC3B-E457-434B-BA81-8FDFB1B15144}.Release|Any CPU.Build.0 = Release|Any CPU
		{DA3ED829-69BC-4F88-838D-94255FC91853}.Debug|Any CPU.ActiveCfg = Debug|Any CPU
		{DA3ED829-69BC-4F88-838D-94255FC91853}.Debug|Any CPU.Build.0 = Debug|Any CPU
		{DA3ED829-69BC-4F88-838D-94255FC91853}.Release|Any CPU.ActiveCfg = Release|Any CPU
		{DA3ED829-69BC-4F88-838D-94255FC91853}.Release|Any CPU.Build.0 = Release|Any CPU
		{7E59AECF-896A-4248-8A14-1187CFAB7122}.Debug|Any CPU.ActiveCfg = Debug|Any CPU
		{7E59AECF-896A-4248-8A14-1187CFAB7122}.Debug|Any CPU.Build.0 = Debug|Any CPU
		{7E59AECF-896A-4248-8A14-1187CFAB7122}.Release|Any CPU.ActiveCfg = Release|Any CPU
		{7E59AECF-896A-4248-8A14-1187CFAB7122}.Release|Any CPU.Build.0 = Release|Any CPU
		{433EB091-5869-4A85-84BA-CCCB020DDCAA}.Debug|Any CPU.ActiveCfg = Debug|Any CPU
		{433EB091-5869-4A85-84BA-CCCB020DDCAA}.Debug|Any CPU.Build.0 = Debug|Any CPU
		{433EB091-5869-4A85-84BA-CCCB020DDCAA}.Release|Any CPU.ActiveCfg = Release|Any CPU
		{433EB091-5869-4A85-84BA-CCCB020DDCAA}.Release|Any CPU.Build.0 = Release|Any CPU
	EndGlobalSection
	GlobalSection(SolutionProperties) = preSolution
		HideSolutionNode = FALSE
	EndGlobalSection
	GlobalSection(ExtensibilityGlobals) = postSolution
		SolutionGuid = {5A228C54-803D-4C14-AAE4-A48D777EE822}
	EndGlobalSection
EndGlobal
